
Microsoft Visual Studio Solution File, Format Version 12.00
# Visual Studio Version 17
VisualStudioVersion = 17.9.34723.18
MinimumVisualStudioVersion = 10.0.40219.1
Project("{FAE04EC0-301F-11D3-BF4B-00C04F79EFBC}") = "Installer", "Installer\Installer.csproj", "{57E429AA-96B5-44FB-A4BA-B58627622E6E}"
EndProject
Global
	GlobalSection(SolutionConfigurationPlatforms) = preSolution
		Debug|Any CPU = Debug|Any CPU
		Release|Any CPU = Release|Any CPU
	EndGlobalSection
	GlobalSection(ProjectConfigurationPlatforms) = postSolution
		{57E429AA-96B5-44FB-A4BA-B58627622E6E}.Debug|Any CPU.ActiveCfg = Debug|Any CPU
		{57E429AA-96B5-44FB-A4BA-B58627622E6E}.Debug|Any CPU.Build.0 = Debug|Any CPU
		{57E429AA-96B5-44FB-A4BA-B58627622E6E}.Release|Any CPU.ActiveCfg = Release|Any CPU
		{57E429AA-96B5-44FB-A4BA-B58627622E6E}.Release|Any CPU.Build.0 = Release|Any CPU
	EndGlobalSection
	GlobalSection(SolutionProperties) = preSolution
		HideSolutionNode = FALSE
	EndGlobalSection
	GlobalSection(ExtensibilityGlobals) = postSolution
		SolutionGuid = {73C84C0D-8EEA-43EC-890B-88390EDCDB8B}
	EndGlobalSection
EndGlobal
